
Microsoft Visual Studio Solution File, Format Version 11.00
# Visual Studio 2010
Project("{FAE04EC0-301F-11D3-BF4B-00C04F79EFBC}") = "WindowsFormsApplication1", "WindowsFormsApplication1\WindowsFormsApplication1.csproj", "{510CBA8E-4E85-4383-8FDF-BA3A5DECE969}"
EndProject
Global
	GlobalSection(SolutionConfigurationPlatforms) = preSolution
		Debug|x86 = Debug|x86
		Release|x86 = Release|x86
	EndGlobalSection
	GlobalSection(ProjectConfigurationPlatforms) = postSolution
		{510CBA8E-4E85-4383-8FDF-BA3A5DECE969}.Debug|x86.ActiveCfg = Debug|x86
		{510CBA8E-4E85-4383-8FDF-BA3A5DECE969}.Debug|x86.Build.0 = Debug|x86
		{510CBA8E-4E85-4383-8FDF-BA3A5DECE969}.Release|x86.ActiveCfg = Release|x86
		{510CBA8E-4E85-4383-8FDF-BA3A5DECE969}.Release|x86.Build.0 = Release|x86
	EndGlobalSection
	GlobalSection(SolutionProperties) = preSolution
		HideSolutionNode = FALSE
	EndGlobalSection
EndGlobal
